# Code generated by scarb DO NOT EDIT.
version = 1

[[package]]
name = "cc_starknet"
version = "0.1.1"
dependencies = [
 "graffiti",
 "openzeppelin",
]

[[package]]
name = "graffiti"
version = "0.1.0"
source = "git+https://github.com/milancermak/graffiti.git?tag=v0.1.0#dbf2c1e1d6546b29a31b994d5c4c492b5ea4d990"

[[package]]
name = "openzeppelin"
version = "0.8.0-beta.0"
source = "git+https://github.com/OpenZeppelin/cairo-contracts.git?tag=v0.8.0-beta.0#4c95981a7178e43730f152c85a92336dc6a22d62"
